
Microsoft Visual Studio Solution File, Format Version 12.00
# Visual Studio Version 17
VisualStudioVersion = 17.8.34316.72
MinimumVisualStudioVersion = 10.0.40219.1
Project("{FAE04EC0-301F-11D3-BF4B-00C04F79EFBC}") = "Lab 1 ADO.NET", "Lab 1 ADO.NET\Lab 1 ADO.NET.csproj", "{AD5AFE7D-8CE3-44C5-A63C-1B892DBF8CA4}"
EndProject
Global
	GlobalSection(SolutionConfigurationPlatforms) = preSolution
		Debug|Any CPU = Debug|Any CPU
		Release|Any CPU = Release|Any CPU
	EndGlobalSection
	GlobalSection(ProjectConfigurationPlatforms) = postSolution
		{AD5AFE7D-8CE3-44C5-A63C-1B892DBF8CA4}.Debug|Any CPU.ActiveCfg = Debug|Any CPU
		{AD5AFE7D-8CE3-44C5-A63C-1B892DBF8CA4}.Debug|Any CPU.Build.0 = Debug|Any CPU
		{AD5AFE7D-8CE3-44C5-A63C-1B892DBF8CA4}.Release|Any CPU.ActiveCfg = Release|Any CPU
		{AD5AFE7D-8CE3-44C5-A63C-1B892DBF8CA4}.Release|Any CPU.Build.0 = Release|Any CPU
	EndGlobalSection
	GlobalSection(SolutionProperties) = preSolution
		HideSolutionNode = FALSE
	EndGlobalSection
	GlobalSection(ExtensibilityGlobals) = postSolution
		SolutionGuid = {AC50547A-0DCA-44BD-BED2-4CE58E79E861}
	EndGlobalSection
EndGlobal
